{
  "name": "xregexp-loader",
  "version": "1.0.1",
  "lockfileVersion": 1,
  "packageIntegrity": "sha512-ss52Z4aY29U4P8SeHg9+Kirw0OG545ENMBPZj51akWjTwZF9aj7wLq4GgxqvxjChfVQ8KevInFcdcg6Vfkan6g==",
  "dependencies": {
    "lodash": {
      "version": "https://registry.npmjs.org/lodash/-/lodash-4.17.4.tgz",
      "integrity": "sha1-eCA6TRwyiuHYbcpkYONptX9AVa4="
    },
    "xregexp": {
      "version": "https://registry.npmjs.org/xregexp/-/xregexp-3.2.0.tgz",
      "integrity": "sha1-yzYBmHv+JpW1hAAMGPHEqMMih44="
    }
  }
}
